
Microsoft Visual Studio Solution File, Format Version 12.00
# Visual Studio 14
VisualStudioVersion = 14.0.24720.0
MinimumVisualStudioVersion = 10.0.40219.1
Project("{FAE04EC0-301F-11D3-BF4B-00C04F79EFBC}") = "JSchemaValidator", "JSchemaValidator\JSchemaValidator.csproj", "{9259AA28-A437-40D4-B83C-01CD4552D220}"
EndProject
Global
	GlobalSection(SolutionConfigurationPlatforms) = preSolution
		Debug|Any CPU = Debug|Any CPU
		Release|Any CPU = Release|Any CPU
	EndGlobalSection
	GlobalSection(ProjectConfigurationPlatforms) = postSolution
		{9259AA28-A437-40D4-B83C-01CD4552D220}.Debug|Any CPU.ActiveCfg = Debug|Any CPU
		{9259AA28-A437-40D4-B83C-01CD4552D220}.Debug|Any CPU.Build.0 = Debug|Any CPU
		{9259AA28-A437-40D4-B83C-01CD4552D220}.Release|Any CPU.ActiveCfg = Release|Any CPU
		{9259AA28-A437-40D4-B83C-01CD4552D220}.Release|Any CPU.Build.0 = Release|Any CPU
	EndGlobalSection
	GlobalSection(SolutionProperties) = preSolution
		HideSolutionNode = FALSE
	EndGlobalSection
EndGlobal
